# THIS IS AN AUTOGENERATED FILE. DO NOT EDIT THIS FILE DIRECTLY.
# yarn lockfile v1


"@hotwired/stimulus@^3.1.1":
  version "3.1.1"
  resolved "https://registry.yarnpkg.com/@hotwired/stimulus/-/stimulus-3.1.1.tgz#652f08a8e1d5edcb407340e58818fcff463b5848"
  integrity sha512-e0JpzIaYLsRRXevRDVs0yevabiCvieIWWCwh7VqVXjXM5AOHdjb7AjaKIj34zYFmY1N6HIRRfk915WVMYlHnDA==
